
Microsoft Visual Studio Solution File, Format Version 9.00
# Visual Studio 2005
Project("{8BC9CEB8-8B4A-11D0-8D11-00A0C91BC942}") = "form", "form.vcproj", "{52DF08D9-FA6F-3021-B053-82F5C3048EC4}"
EndProject
Global
	GlobalSection(SolutionConfigurationPlatforms) = preSolution
		Debug|Win32 = Debug|Win32
		Release|Win32 = Release|Win32
	EndGlobalSection
	GlobalSection(ProjectConfigurationPlatforms) = postSolution
		{52DF08D9-FA6F-3021-B053-82F5C3048EC4}.Debug|Win32.ActiveCfg = Debug|Win32
		{52DF08D9-FA6F-3021-B053-82F5C3048EC4}.Debug|Win32.Build.0 = Debug|Win32
		{52DF08D9-FA6F-3021-B053-82F5C3048EC4}.Release|Win32.ActiveCfg = Release|Win32
		{52DF08D9-FA6F-3021-B053-82F5C3048EC4}.Release|Win32.Build.0 = Release|Win32
	EndGlobalSection
	GlobalSection(SolutionProperties) = preSolution
		HideSolutionNode = FALSE
	EndGlobalSection
EndGlobal
